
Microsoft Visual Studio Solution File, Format Version 10.00
# Visual Studio 2008
Project("{8BC9CEB8-8B4A-11D0-8D11-00A0C91BC942}") = "libedi_lib", "libedi_lib.vcproj", "{2B9373F1-93AA-43D0-AB19-4730215D87B3}"
EndProject
Project("{8BC9CEB8-8B4A-11D0-8D11-00A0C91BC942}") = "test1", "test1.vcproj", "{AB77613B-88F4-4E62-9030-B4EFDC464DDC}"
	ProjectSection(ProjectDependencies) = postProject
		{2B9373F1-93AA-43D0-AB19-4730215D87B3} = {2B9373F1-93AA-43D0-AB19-4730215D87B3}
	EndProjectSection
EndProject
Project("{8BC9CEB8-8B4A-11D0-8D11-00A0C91BC942}") = "test2", "test2.vcproj", "{06C8422B-70DD-4ED8-A343-BD8F5FD74ED3}"
	ProjectSection(ProjectDependencies) = postProject
		{2B9373F1-93AA-43D0-AB19-4730215D87B3} = {2B9373F1-93AA-43D0-AB19-4730215D87B3}
	EndProjectSection
EndProject
Project("{8BC9CEB8-8B4A-11D0-8D11-00A0C91BC942}") = "test3", "test3.vcproj", "{5500FCE6-593F-483D-9FC9-CB421E56FEDA}"
	ProjectSection(ProjectDependencies) = postProject
		{2B9373F1-93AA-43D0-AB19-4730215D87B3} = {2B9373F1-93AA-43D0-AB19-4730215D87B3}
	EndProjectSection
EndProject
Global
	GlobalSection(SolutionConfigurationPlatforms) = preSolution
		Debug|Win32 = Debug|Win32
		DebugMD|Win32 = DebugMD|Win32
		DebugMT|Win32 = DebugMT|Win32
		Release|Win32 = Release|Win32
		ReleaseMD|Win32 = ReleaseMD|Win32
		ReleaseMT|Win32 = ReleaseMT|Win32
	EndGlobalSection
	GlobalSection(ProjectConfigurationPlatforms) = postSolution
		{2B9373F1-93AA-43D0-AB19-4730215D87B3}.Debug|Win32.ActiveCfg = DebugMT|Win32
		{2B9373F1-93AA-43D0-AB19-4730215D87B3}.Debug|Win32.Build.0 = DebugMT|Win32
		{2B9373F1-93AA-43D0-AB19-4730215D87B3}.DebugMD|Win32.ActiveCfg = DebugMD|Win32
		{2B9373F1-93AA-43D0-AB19-4730215D87B3}.DebugMD|Win32.Build.0 = DebugMD|Win32
		{2B9373F1-93AA-43D0-AB19-4730215D87B3}.DebugMT|Win32.ActiveCfg = DebugMT|Win32
		{2B9373F1-93AA-43D0-AB19-4730215D87B3}.DebugMT|Win32.Build.0 = DebugMT|Win32
		{2B9373F1-93AA-43D0-AB19-4730215D87B3}.Release|Win32.ActiveCfg = ReleaseMT|Win32
		{2B9373F1-93AA-43D0-AB19-4730215D87B3}.Release|Win32.Build.0 = ReleaseMT|Win32
		{2B9373F1-93AA-43D0-AB19-4730215D87B3}.ReleaseMD|Win32.ActiveCfg = ReleaseMD|Win32
		{2B9373F1-93AA-43D0-AB19-4730215D87B3}.ReleaseMD|Win32.Build.0 = ReleaseMD|Win32
		{2B9373F1-93AA-43D0-AB19-4730215D87B3}.ReleaseMT|Win32.ActiveCfg = ReleaseMT|Win32
		{2B9373F1-93AA-43D0-AB19-4730215D87B3}.ReleaseMT|Win32.Build.0 = ReleaseMT|Win32
		{AB77613B-88F4-4E62-9030-B4EFDC464DDC}.Debug|Win32.ActiveCfg = Debug|Win32
		{AB77613B-88F4-4E62-9030-B4EFDC464DDC}.Debug|Win32.Build.0 = Debug|Win32
		{AB77613B-88F4-4E62-9030-B4EFDC464DDC}.DebugMD|Win32.ActiveCfg = Debug|Win32
		{AB77613B-88F4-4E62-9030-B4EFDC464DDC}.DebugMD|Win32.Build.0 = Debug|Win32
		{AB77613B-88F4-4E62-9030-B4EFDC464DDC}.DebugMT|Win32.ActiveCfg = Debug|Win32
		{AB77613B-88F4-4E62-9030-B4EFDC464DDC}.DebugMT|Win32.Build.0 = Debug|Win32
		{AB77613B-88F4-4E62-9030-B4EFDC464DDC}.Release|Win32.ActiveCfg = Debug|Win32
		{AB77613B-88F4-4E62-9030-B4EFDC464DDC}.Release|Win32.Build.0 = Debug|Win32
		{AB77613B-88F4-4E62-9030-B4EFDC464DDC}.ReleaseMD|Win32.ActiveCfg = Debug|Win32
		{AB77613B-88F4-4E62-9030-B4EFDC464DDC}.ReleaseMD|Win32.Build.0 = Debug|Win32
		{AB77613B-88F4-4E62-9030-B4EFDC464DDC}.ReleaseMT|Win32.ActiveCfg = Debug|Win32
		{AB77613B-88F4-4E62-9030-B4EFDC464DDC}.ReleaseMT|Win32.Build.0 = Debug|Win32
		{06C8422B-70DD-4ED8-A343-BD8F5FD74ED3}.Debug|Win32.ActiveCfg = Debug|Win32
		{06C8422B-70DD-4ED8-A343-BD8F5FD74ED3}.Debug|Win32.Build.0 = Debug|Win32
		{06C8422B-70DD-4ED8-A343-BD8F5FD74ED3}.DebugMD|Win32.ActiveCfg = Debug|Win32
		{06C8422B-70DD-4ED8-A343-BD8F5FD74ED3}.DebugMD|Win32.Build.0 = Debug|Win32
		{06C8422B-70DD-4ED8-A343-BD8F5FD74ED3}.DebugMT|Win32.ActiveCfg = Debug|Win32
		{06C8422B-70DD-4ED8-A343-BD8F5FD74ED3}.DebugMT|Win32.Build.0 = Debug|Win32
		{06C8422B-70DD-4ED8-A343-BD8F5FD74ED3}.Release|Win32.ActiveCfg = Debug|Win32
		{06C8422B-70DD-4ED8-A343-BD8F5FD74ED3}.Release|Win32.Build.0 = Debug|Win32
		{06C8422B-70DD-4ED8-A343-BD8F5FD74ED3}.ReleaseMD|Win32.ActiveCfg = Debug|Win32
		{06C8422B-70DD-4ED8-A343-BD8F5FD74ED3}.ReleaseMD|Win32.Build.0 = Debug|Win32
		{06C8422B-70DD-4ED8-A343-BD8F5FD74ED3}.ReleaseMT|Win32.ActiveCfg = Debug|Win32
		{06C8422B-70DD-4ED8-A343-BD8F5FD74ED3}.ReleaseMT|Win32.Build.0 = Debug|Win32
		{5500FCE6-593F-483D-9FC9-CB421E56FEDA}.Debug|Win32.ActiveCfg = Debug|Win32
		{5500FCE6-593F-483D-9FC9-CB421E56FEDA}.Debug|Win32.Build.0 = Debug|Win32
		{5500FCE6-593F-483D-9FC9-CB421E56FEDA}.DebugMD|Win32.ActiveCfg = Debug|Win32
		{5500FCE6-593F-483D-9FC9-CB421E56FEDA}.DebugMD|Win32.Build.0 = Debug|Win32
		{5500FCE6-593F-483D-9FC9-CB421E56FEDA}.DebugMT|Win32.ActiveCfg = Debug|Win32
		{5500FCE6-593F-483D-9FC9-CB421E56FEDA}.DebugMT|Win32.Build.0 = Debug|Win32
		{5500FCE6-593F-483D-9FC9-CB421E56FEDA}.Release|Win32.ActiveCfg = Debug|Win32
		{5500FCE6-593F-483D-9FC9-CB421E56FEDA}.Release|Win32.Build.0 = Debug|Win32
		{5500FCE6-593F-483D-9FC9-CB421E56FEDA}.ReleaseMD|Win32.ActiveCfg = Debug|Win32
		{5500FCE6-593F-483D-9FC9-CB421E56FEDA}.ReleaseMD|Win32.Build.0 = Debug|Win32
		{5500FCE6-593F-483D-9FC9-CB421E56FEDA}.ReleaseMT|Win32.ActiveCfg = Debug|Win32
		{5500FCE6-593F-483D-9FC9-CB421E56FEDA}.ReleaseMT|Win32.Build.0 = Debug|Win32
	EndGlobalSection
	GlobalSection(SolutionProperties) = preSolution
		HideSolutionNode = FALSE
	EndGlobalSection
EndGlobal
